
Microsoft Visual Studio Solution File, Format Version 12.00
# Visual Studio Version 17
VisualStudioVersion = 17.11.35312.102
MinimumVisualStudioVersion = 10.0.40219.1
Project("{8BC9CEB8-8B4A-11D0-8D11-00A0C91BC942}") = "10_MaximumTournament", "10_MaximumTournament\10_MaximumTournament.vcxproj", "{86870389-8F57-4531-A287-371D0C9B68AB}"
EndProject
Project("{8BC9CEB8-8B4A-11D0-8D11-00A0C91BC942}") = "11_Maximum_If", "11_Maximum_If\11_Maximum_If.vcxproj", "{A9397DE2-E3C8-4045-BC23-489F88ED7F75}"
EndProject
Project("{8BC9CEB8-8B4A-11D0-8D11-00A0C91BC942}") = "12_BusFare", "12_BusFare\12_BusFare.vcxproj", "{5591094B-2E80-4454-90E8-B1C7D957F1E2}"
EndProject
Project("{8BC9CEB8-8B4A-11D0-8D11-00A0C91BC942}") = "13_BusFare2", "13_BusFare2\13_BusFare2.vcxproj", "{A01CBBD2-F92F-4357-B3E7-398801BCAE94}"
EndProject
Project("{8BC9CEB8-8B4A-11D0-8D11-00A0C91BC942}") = "14_PrintAsterisk", "14_PrintAsterisk\14_PrintAsterisk.vcxproj", "{510E36BF-CE00-4F47-82CC-799A9DFF01D4}"
EndProject
Project("{8BC9CEB8-8B4A-11D0-8D11-00A0C91BC942}") = "01_HelloWorld", "01_HelloWorld\01_HelloWorld.vcxproj", "{38AE0556-D87E-4A52-B746-8C88112523BE}"
EndProject
Project("{8BC9CEB8-8B4A-11D0-8D11-00A0C91BC942}") = "02_AgeNameIO", "02_AgeNameIO\02_AgeNameIO.vcxproj", "{B3E9630D-DE06-45B5-9A05-AF47A290FF66}"
EndProject
Project("{8BC9CEB8-8B4A-11D0-8D11-00A0C91BC942}") = "03_Average", "03_Average\03_Average.vcxproj", "{E208B951-4BF9-4576-BF50-5731BEEF6E6B}"
EndProject
Project("{8BC9CEB8-8B4A-11D0-8D11-00A0C91BC942}") = "04_TimeCalculation", "04_TimeCalculation\04_TimeCalculation.vcxproj", "{3C5E1992-88CD-4C52-93E4-E0B1F5F772FE}"
EndProject
Project("{8BC9CEB8-8B4A-11D0-8D11-00A0C91BC942}") = "05_VariableValueExchange", "05_VariableValueExchange\05_VariableValueExchange.vcxproj", "{9E52E6CE-22F0-4115-A158-5BD6E3965989}"
EndProject
Project("{8BC9CEB8-8B4A-11D0-8D11-00A0C91BC942}") = "06_AccumulatedCalculate", "06_AccumulatedCalculate\06_AccumulatedCalculate.vcxproj", "{3FE0934C-DBD6-4DAE-BA34-FFABB104DC29}"
EndProject
Project("{8BC9CEB8-8B4A-11D0-8D11-00A0C91BC942}") = "07_Subtraction", "07_Subtraction\07_Subtraction.vcxproj", "{52980765-AA94-4C0F-B6EF-23A1FB67E9FF}"
EndProject
Project("{8BC9CEB8-8B4A-11D0-8D11-00A0C91BC942}") = "08_PassOrFail", "08_PassOrFail\08_PassOrFail.vcxproj", "{43E0939A-25F3-4D8C-9CF2-D5D9254BC59B}"
EndProject
Project("{8BC9CEB8-8B4A-11D0-8D11-00A0C91BC942}") = "09_MaximumSurvival", "09_MaximumSurvival\09_MaximumSurvival.vcxproj", "{65A38F8E-A849-4555-874C-D29DE58C8358}"
EndProject
Project("{8BC9CEB8-8B4A-11D0-8D11-00A0C91BC942}") = "15_TotalSum", "15_TotalSum\15_TotalSum.vcxproj", "{61F72AEF-C487-4B7E-B8A1-928297B7DC3F}"
EndProject
Project("{8BC9CEB8-8B4A-11D0-8D11-00A0C91BC942}") = "16_PrintAsterisk", "16_PrintAsterisk\16_PrintAsterisk.vcxproj", "{F31A61F0-3C0D-47F5-AAEC-405CB38E9B88}"
EndProject
Project("{8BC9CEB8-8B4A-11D0-8D11-00A0C91BC942}") = "17_PrintAsterisk3", "17_PrintAsterisk3\17_PrintAsterisk3.vcxproj", "{895FCFB3-65A5-4BD5-86C7-96A5663907F0}"
EndProject
Project("{8BC9CEB8-8B4A-11D0-8D11-00A0C91BC942}") = "18_PrintAsterisk4", "18_PrintAsterisk4\18_PrintAsterisk4.vcxproj", "{E653000A-0490-49A7-99E0-CFE99DC47838}"
EndProject
Project("{8BC9CEB8-8B4A-11D0-8D11-00A0C91BC942}") = "19_PrintAsterisk5", "19_PrintAsterisk5\19_PrintAsterisk5.vcxproj", "{44D3D70A-4748-4457-A9D2-FBFDAC1910BB}"
EndProject
Project("{8BC9CEB8-8B4A-11D0-8D11-00A0C91BC942}") = "20_DoWhile", "20_DoWhile\20_DoWhile.vcxproj", "{58615C4B-43CE-4C83-B291-2F58928ED3CB}"
EndProject
Project("{8BC9CEB8-8B4A-11D0-8D11-00A0C91BC942}") = "21_Break", "21_Break\21_Break.vcxproj", "{F4C48A46-B6DE-4DCF-9E1F-758F70E86C3E}"
EndProject
Project("{8BC9CEB8-8B4A-11D0-8D11-00A0C91BC942}") = "22_ArrMaximum", "22_ArrMaximum\22_ArrMaximum.vcxproj", "{CD8B8186-006E-47D3-8367-45AF11B2913C}"
EndProject
Project("{8BC9CEB8-8B4A-11D0-8D11-00A0C91BC942}") = "23_ArrMinimum", "23_ArrMinimum\23_ArrMinimum.vcxproj", "{CF7AAC00-DFFE-4DDF-BB5D-4DE55378D299}"
EndProject
Project("{8BC9CEB8-8B4A-11D0-8D11-00A0C91BC942}") = "24_BubbleSort", "24_BubbleSort\24_BubbleSort.vcxproj", "{D0B89CF3-067C-4756-B604-F43135D566C3}"
EndProject
Project("{8BC9CEB8-8B4A-11D0-8D11-00A0C91BC942}") = "25_SelectionSort", "25_SelectionSort\25_SelectionSort.vcxproj", "{DD712884-8A11-4A33-9983-6C43C14A898E}"
EndProject
Project("{8BC9CEB8-8B4A-11D0-8D11-00A0C91BC942}") = "26_Array2D", "26_Array2D\26_Array2D.vcxproj", "{EBC838D2-F1BB-4E9B-8F7B-D02ECF97919E}"
EndProject
Project("{8BC9CEB8-8B4A-11D0-8D11-00A0C91BC942}") = "27_Array2D_2", "27_Array2D_2\27_Array2D_2.vcxproj", "{8096E937-A4AC-4C84-9F7E-736FCDC8BFC2}"
EndProject
Project("{8BC9CEB8-8B4A-11D0-8D11-00A0C91BC942}") = "28_Array2D_Snail", "28_Array2D_Snail\28_Array2D_Snail.vcxproj", "{16ACE67E-3E68-49CD-A43C-0D50749C2A4D}"
EndProject
Project("{8BC9CEB8-8B4A-11D0-8D11-00A0C91BC942}") = "29_Array2D_Snail2", "29_Array2D_Snail2\29_Array2D_Snail2.vcxproj", "{DDCA5E67-8807-44A9-AA52-3C6115C824BC}"
EndProject
Project("{8BC9CEB8-8B4A-11D0-8D11-00A0C91BC942}") = "30_Array2D_Snail_Final.c", "30_Array2D_Snail_Final.c\30_Array2D_Snail_Final.c.vcxproj", "{5759CD57-16E5-4BB6-B7F2-9EA25E76649D}"
EndProject
Project("{8BC9CEB8-8B4A-11D0-8D11-00A0C91BC942}") = "31_LookUpArray", "31_LookUpArray\31_LookUpArray.vcxproj", "{A981D05B-E1A6-4CBE-9D5F-9ED66D72F64B}"
EndProject
Project("{8BC9CEB8-8B4A-11D0-8D11-00A0C91BC942}") = "32_FunctionDesign", "32_FunctionDesign\32_FunctionDesign.vcxproj", "{89B4555C-387E-4B01-B80B-33E8BEE4A579}"
EndProject
Project("{8BC9CEB8-8B4A-11D0-8D11-00A0C91BC942}") = "33_MaximumFunction", "33_MaximumFunction\33_MaximumFunction.vcxproj", "{346B12BE-2A7F-4756-AEED-56A02AA618DE}"
EndProject
Project("{8BC9CEB8-8B4A-11D0-8D11-00A0C91BC942}") = "34_EventLoop", "34_EventLoop\34_EventLoop.vcxproj", "{5B528B2B-FBF9-4AA2-B72A-D1B536A75DBD}"
EndProject
Project("{8BC9CEB8-8B4A-11D0-8D11-00A0C91BC942}") = "35_GlobalVariable", "35_GlobalVariable\35_GlobalVariable.vcxproj", "{F6B57620-4CDF-4653-8A2A-D6CEA5115E4F}"
EndProject
Project("{8BC9CEB8-8B4A-11D0-8D11-00A0C91BC942}") = "36_TypesOfMemory", "36_TypesOfMemory\36_TypesOfMemory.vcxproj", "{77F790A9-8CBA-4FBA-A7F2-B8DB9BA97268}"
EndProject
Project("{8BC9CEB8-8B4A-11D0-8D11-00A0C91BC942}") = "37_PointerBasic", "37_PointerBasic\37_PointerBasic.vcxproj", "{EA8CC2C1-E8A0-47A9-9E09-26C9687C0914}"
EndProject
Global
	GlobalSection(SolutionConfigurationPlatforms) = preSolution
		Debug|x64 = Debug|x64
		Debug|x86 = Debug|x86
		Release|x64 = Release|x64
		Release|x86 = Release|x86
	EndGlobalSection
	GlobalSection(ProjectConfigurationPlatforms) = postSolution
		{86870389-8F57-4531-A287-371D0C9B68AB}.Debug|x64.ActiveCfg = Debug|x64
		{86870389-8F57-4531-A287-371D0C9B68AB}.Debug|x64.Build.0 = Debug|x64
		{86870389-8F57-4531-A287-371D0C9B68AB}.Debug|x86.ActiveCfg = Debug|Win32
		{86870389-8F57-4531-A287-371D0C9B68AB}.Debug|x86.Build.0 = Debug|Win32
		{86870389-8F57-4531-A287-371D0C9B68AB}.Release|x64.ActiveCfg = Release|x64
		{86870389-8F57-4531-A287-371D0C9B68AB}.Release|x64.Build.0 = Release|x64
		{86870389-8F57-4531-A287-371D0C9B68AB}.Release|x86.ActiveCfg = Release|Win32
		{86870389-8F57-4531-A287-371D0C9B68AB}.Release|x86.Build.0 = Release|Win32
		{A9397DE2-E3C8-4045-BC23-489F88ED7F75}.Debug|x64.ActiveCfg = Debug|x64
		{A9397DE2-E3C8-4045-BC23-489F88ED7F75}.Debug|x64.Build.0 = Debug|x64
		{A9397DE2-E3C8-4045-BC23-489F88ED7F75}.Debug|x86.ActiveCfg = Debug|Win32
		{A9397DE2-E3C8-4045-BC23-489F88ED7F75}.Debug|x86.Build.0 = Debug|Win32
		{A9397DE2-E3C8-4045-BC23-489F88ED7F75}.Release|x64.ActiveCfg = Release|x64
		{A9397DE2-E3C8-4045-BC23-489F88ED7F75}.Release|x64.Build.0 = Release|x64
		{A9397DE2-E3C8-4045-BC23-489F88ED7F75}.Release|x86.ActiveCfg = Release|Win32
		{A9397DE2-E3C8-4045-BC23-489F88ED7F75}.Release|x86.Build.0 = Release|Win32
		{5591094B-2E80-4454-90E8-B1C7D957F1E2}.Debug|x64.ActiveCfg = Debug|x64
		{5591094B-2E80-4454-90E8-B1C7D957F1E2}.Debug|x64.Build.0 = Debug|x64
		{5591094B-2E80-4454-90E8-B1C7D957F1E2}.Debug|x86.ActiveCfg = Debug|Win32
		{5591094B-2E80-4454-90E8-B1C7D957F1E2}.Debug|x86.Build.0 = Debug|Win32
		{5591094B-2E80-4454-90E8-B1C7D957F1E2}.Release|x64.ActiveCfg = Release|x64
		{5591094B-2E80-4454-90E8-B1C7D957F1E2}.Release|x64.Build.0 = Release|x64
		{5591094B-2E80-4454-90E8-B1C7D957F1E2}.Release|x86.ActiveCfg = Release|Win32
		{5591094B-2E80-4454-90E8-B1C7D957F1E2}.Release|x86.Build.0 = Release|Win32
		{A01CBBD2-F92F-4357-B3E7-398801BCAE94}.Debug|x64.ActiveCfg = Debug|x64
		{A01CBBD2-F92F-4357-B3E7-398801BCAE94}.Debug|x64.Build.0 = Debug|x64
		{A01CBBD2-F92F-4357-B3E7-398801BCAE94}.Debug|x86.ActiveCfg = Debug|Win32
		{A01CBBD2-F92F-4357-B3E7-398801BCAE94}.Debug|x86.Build.0 = Debug|Win32
		{A01CBBD2-F92F-4357-B3E7-398801BCAE94}.Release|x64.ActiveCfg = Release|x64
		{A01CBBD2-F92F-4357-B3E7-398801BCAE94}.Release|x64.Build.0 = Release|x64
		{A01CBBD2-F92F-4357-B3E7-398801BCAE94}.Release|x86.ActiveCfg = Release|Win32
		{A01CBBD2-F92F-4357-B3E7-398801BCAE94}.Release|x86.Build.0 = Release|Win32
		{510E36BF-CE00-4F47-82CC-799A9DFF01D4}.Debug|x64.ActiveCfg = Debug|x64
		{510E36BF-CE00-4F47-82CC-799A9DFF01D4}.Debug|x64.Build.0 = Debug|x64
		{510E36BF-CE00-4F47-82CC-799A9DFF01D4}.Debug|x86.ActiveCfg = Debug|Win32
		{510E36BF-CE00-4F47-82CC-799A9DFF01D4}.Debug|x86.Build.0 = Debug|Win32
		{510E36BF-CE00-4F47-82CC-799A9DFF01D4}.Release|x64.ActiveCfg = Release|x64
		{510E36BF-CE00-4F47-82CC-799A9DFF01D4}.Release|x64.Build.0 = Release|x64
		{510E36BF-CE00-4F47-82CC-799A9DFF01D4}.Release|x86.ActiveCfg = Release|Win32
		{510E36BF-CE00-4F47-82CC-799A9DFF01D4}.Release|x86.Build.0 = Release|Win32
		{38AE0556-D87E-4A52-B746-8C88112523BE}.Debug|x64.ActiveCfg = Debug|x64
		{38AE0556-D87E-4A52-B746-8C88112523BE}.Debug|x64.Build.0 = Debug|x64
		{38AE0556-D87E-4A52-B746-8C88112523BE}.Debug|x86.ActiveCfg = Debug|Win32
		{38AE0556-D87E-4A52-B746-8C88112523BE}.Debug|x86.Build.0 = Debug|Win32
		{38AE0556-D87E-4A52-B746-8C88112523BE}.Release|x64.ActiveCfg = Release|x64
		{38AE0556-D87E-4A52-B746-8C88112523BE}.Release|x64.Build.0 = Release|x64
		{38AE0556-D87E-4A52-B746-8C88112523BE}.Release|x86.ActiveCfg = Release|Win32
		{38AE0556-D87E-4A52-B746-8C88112523BE}.Release|x86.Build.0 = Release|Win32
		{B3E9630D-DE06-45B5-9A05-AF47A290FF66}.Debug|x64.ActiveCfg = Debug|x64
		{B3E9630D-DE06-45B5-9A05-AF47A290FF66}.Debug|x64.Build.0 = Debug|x64
		{B3E9630D-DE06-45B5-9A05-AF47A290FF66}.Debug|x86.ActiveCfg = Debug|Win32
		{B3E9630D-DE06-45B5-9A05-AF47A290FF66}.Debug|x86.Build.0 = Debug|Win32
		{B3E9630D-DE06-45B5-9A05-AF47A290FF66}.Release|x64.ActiveCfg = Release|x64
		{B3E9630D-DE06-45B5-9A05-AF47A290FF66}.Release|x64.Build.0 = Release|x64
		{B3E9630D-DE06-45B5-9A05-AF47A290FF66}.Release|x86.ActiveCfg = Release|Win32
		{B3E9630D-DE06-45B5-9A05-AF47A290FF66}.Release|x86.Build.0 = Release|Win32
		{E208B951-4BF9-4576-BF50-5731BEEF6E6B}.Debug|x64.ActiveCfg = Debug|x64
		{E208B951-4BF9-4576-BF50-5731BEEF6E6B}.Debug|x64.Build.0 = Debug|x64
		{E208B951-4BF9-4576-BF50-5731BEEF6E6B}.Debug|x86.ActiveCfg = Debug|Win32
		{E208B951-4BF9-4576-BF50-5731BEEF6E6B}.Debug|x86.Build.0 = Debug|Win32
		{E208B951-4BF9-4576-BF50-5731BEEF6E6B}.Release|x64.ActiveCfg = Release|x64
		{E208B951-4BF9-4576-BF50-5731BEEF6E6B}.Release|x64.Build.0 = Release|x64
		{E208B951-4BF9-4576-BF50-5731BEEF6E6B}.Release|x86.ActiveCfg = Release|Win32
		{E208B951-4BF9-4576-BF50-5731BEEF6E6B}.Release|x86.Build.0 = Release|Win32
		{3C5E1992-88CD-4C52-93E4-E0B1F5F772FE}.Debug|x64.ActiveCfg = Debug|x64
		{3C5E1992-88CD-4C52-93E4-E0B1F5F772FE}.Debug|x64.Build.0 = Debug|x64
		{3C5E1992-88CD-4C52-93E4-E0B1F5F772FE}.Debug|x86.ActiveCfg = Debug|Win32
		{3C5E1992-88CD-4C52-93E4-E0B1F5F772FE}.Debug|x86.Build.0 = Debug|Win32
		{3C5E1992-88CD-4C52-93E4-E0B1F5F772FE}.Release|x64.ActiveCfg = Release|x64
		{3C5E1992-88CD-4C52-93E4-E0B1F5F772FE}.Release|x64.Build.0 = Release|x64
		{3C5E1992-88CD-4C52-93E4-E0B1F5F772FE}.Release|x86.ActiveCfg = Release|Win32
		{3C5E1992-88CD-4C52-93E4-E0B1F5F772FE}.Release|x86.Build.0 = Release|Win32
		{9E52E6CE-22F0-4115-A158-5BD6E3965989}.Debug|x64.ActiveCfg = Debug|x64
		{9E52E6CE-22F0-4115-A158-5BD6E3965989}.Debug|x64.Build.0 = Debug|x64
		{9E52E6CE-22F0-4115-A158-5BD6E3965989}.Debug|x86.ActiveCfg = Debug|Win32
		{9E52E6CE-22F0-4115-A158-5BD6E3965989}.Debug|x86.Build.0 = Debug|Win32
		{9E52E6CE-22F0-4115-A158-5BD6E3965989}.Release|x64.ActiveCfg = Release|x64
		{9E52E6CE-22F0-4115-A158-5BD6E3965989}.Release|x64.Build.0 = Release|x64
		{9E52E6CE-22F0-4115-A158-5BD6E3965989}.Release|x86.ActiveCfg = Release|Win32
		{9E52E6CE-22F0-4115-A158-5BD6E3965989}.Release|x86.Build.0 = Release|Win32
		{3FE0934C-DBD6-4DAE-BA34-FFABB104DC29}.Debug|x64.ActiveCfg = Debug|x64
		{3FE0934C-DBD6-4DAE-BA34-FFABB104DC29}.Debug|x64.Build.0 = Debug|x64
		{3FE0934C-DBD6-4DAE-BA34-FFABB104DC29}.Debug|x86.ActiveCfg = Debug|Win32
		{3FE0934C-DBD6-4DAE-BA34-FFABB104DC29}.Debug|x86.Build.0 = Debug|Win32
		{3FE0934C-DBD6-4DAE-BA34-FFABB104DC29}.Release|x64.ActiveCfg = Release|x64
		{3FE0934C-DBD6-4DAE-BA34-FFABB104DC29}.Release|x64.Build.0 = Release|x64
		{3FE0934C-DBD6-4DAE-BA34-FFABB104DC29}.Release|x86.ActiveCfg = Release|Win32
		{3FE0934C-DBD6-4DAE-BA34-FFABB104DC29}.Release|x86.Build.0 = Release|Win32
		{52980765-AA94-4C0F-B6EF-23A1FB67E9FF}.Debug|x64.ActiveCfg = Debug|x64
		{52980765-AA94-4C0F-B6EF-23A1FB67E9FF}.Debug|x64.Build.0 = Debug|x64
		{52980765-AA94-4C0F-B6EF-23A1FB67E9FF}.Debug|x86.ActiveCfg = Debug|Win32
		{52980765-AA94-4C0F-B6EF-23A1FB67E9FF}.Debug|x86.Build.0 = Debug|Win32
		{52980765-AA94-4C0F-B6EF-23A1FB67E9FF}.Release|x64.ActiveCfg = Release|x64
		{52980765-AA94-4C0F-B6EF-23A1FB67E9FF}.Release|x64.Build.0 = Release|x64
		{52980765-AA94-4C0F-B6EF-23A1FB67E9FF}.Release|x86.ActiveCfg = Release|Win32
		{52980765-AA94-4C0F-B6EF-23A1FB67E9FF}.Release|x86.Build.0 = Release|Win32
		{43E0939A-25F3-4D8C-9CF2-D5D9254BC59B}.Debug|x64.ActiveCfg = Debug|x64
		{43E0939A-25F3-4D8C-9CF2-D5D9254BC59B}.Debug|x64.Build.0 = Debug|x64
		{43E0939A-25F3-4D8C-9CF2-D5D9254BC59B}.Debug|x86.ActiveCfg = Debug|Win32
		{43E0939A-25F3-4D8C-9CF2-D5D9254BC59B}.Debug|x86.Build.0 = Debug|Win32
		{43E0939A-25F3-4D8C-9CF2-D5D9254BC59B}.Release|x64.ActiveCfg = Release|x64
		{43E0939A-25F3-4D8C-9CF2-D5D9254BC59B}.Release|x64.Build.0 = Release|x64
		{43E0939A-25F3-4D8C-9CF2-D5D9254BC59B}.Release|x86.ActiveCfg = Release|Win32
		{43E0939A-25F3-4D8C-9CF2-D5D9254BC59B}.Release|x86.Build.0 = Release|Win32
		{65A38F8E-A849-4555-874C-D29DE58C8358}.Debug|x64.ActiveCfg = Debug|x64
		{65A38F8E-A849-4555-874C-D29DE58C8358}.Debug|x64.Build.0 = Debug|x64
		{65A38F8E-A849-4555-874C-D29DE58C8358}.Debug|x86.ActiveCfg = Debug|Win32
		{65A38F8E-A849-4555-874C-D29DE58C8358}.Debug|x86.Build.0 = Debug|Win32
		{65A38F8E-A849-4555-874C-D29DE58C8358}.Release|x64.ActiveCfg = Release|x64
		{65A38F8E-A849-4555-874C-D29DE58C8358}.Release|x64.Build.0 = Release|x64
		{65A38F8E-A849-4555-874C-D29DE58C8358}.Release|x86.ActiveCfg = Release|Win32
		{65A38F8E-A849-4555-874C-D29DE58C8358}.Release|x86.Build.0 = Release|Win32
		{61F72AEF-C487-4B7E-B8A1-928297B7DC3F}.Debug|x64.ActiveCfg = Debug|x64
		{61F72AEF-C487-4B7E-B8A1-928297B7DC3F}.Debug|x64.Build.0 = Debug|x64
		{61F72AEF-C487-4B7E-B8A1-928297B7DC3F}.Debug|x86.ActiveCfg = Debug|Win32
		{61F72AEF-C487-4B7E-B8A1-928297B7DC3F}.Debug|x86.Build.0 = Debug|Win32
		{61F72AEF-C487-4B7E-B8A1-928297B7DC3F}.Release|x64.ActiveCfg = Release|x64
		{61F72AEF-C487-4B7E-B8A1-928297B7DC3F}.Release|x64.Build.0 = Release|x64
		{61F72AEF-C487-4B7E-B8A1-928297B7DC3F}.Release|x86.ActiveCfg = Release|Win32
		{61F72AEF-C487-4B7E-B8A1-928297B7DC3F}.Release|x86.Build.0 = Release|Win32
		{F31A61F0-3C0D-47F5-AAEC-405CB38E9B88}.Debug|x64.ActiveCfg = Debug|x64
		{F31A61F0-3C0D-47F5-AAEC-405CB38E9B88}.Debug|x64.Build.0 = Debug|x64
		{F31A61F0-3C0D-47F5-AAEC-405CB38E9B88}.Debug|x86.ActiveCfg = Debug|Win32
		{F31A61F0-3C0D-47F5-AAEC-405CB38E9B88}.Debug|x86.Build.0 = Debug|Win32
		{F31A61F0-3C0D-47F5-AAEC-405CB38E9B88}.Release|x64.ActiveCfg = Release|x64
		{F31A61F0-3C0D-47F5-AAEC-405CB38E9B88}.Release|x64.Build.0 = Release|x64
		{F31A61F0-3C0D-47F5-AAEC-405CB38E9B88}.Release|x86.ActiveCfg = Release|Win32
		{F31A61F0-3C0D-47F5-AAEC-405CB38E9B88}.Release|x86.Build.0 = Release|Win32
		{895FCFB3-65A5-4BD5-86C7-96A5663907F0}.Debug|x64.ActiveCfg = Debug|x64
		{895FCFB3-65A5-4BD5-86C7-96A5663907F0}.Debug|x64.Build.0 = Debug|x64
		{895FCFB3-65A5-4BD5-86C7-96A5663907F0}.Debug|x86.ActiveCfg = Debug|Win32
		{895FCFB3-65A5-4BD5-86C7-96A5663907F0}.Debug|x86.Build.0 = Debug|Win32
		{895FCFB3-65A5-4BD5-86C7-96A5663907F0}.Release|x64.ActiveCfg = Release|x64
		{895FCFB3-65A5-4BD5-86C7-96A5663907F0}.Release|x64.Build.0 = Release|x64
		{895FCFB3-65A5-4BD5-86C7-96A5663907F0}.Release|x86.ActiveCfg = Release|Win32
		{895FCFB3-65A5-4BD5-86C7-96A5663907F0}.Release|x86.Build.0 = Release|Win32
		{E653000A-0490-49A7-99E0-CFE99DC47838}.Debug|x64.ActiveCfg = Debug|x64
		{E653000A-0490-49A7-99E0-CFE99DC47838}.Debug|x64.Build.0 = Debug|x64
		{E653000A-0490-49A7-99E0-CFE99DC47838}.Debug|x86.ActiveCfg = Debug|Win32
		{E653000A-0490-49A7-99E0-CFE99DC47838}.Debug|x86.Build.0 = Debug|Win32
		{E653000A-0490-49A7-99E0-CFE99DC47838}.Release|x64.ActiveCfg = Release|x64
		{E653000A-0490-49A7-99E0-CFE99DC47838}.Release|x64.Build.0 = Release|x64
		{E653000A-0490-49A7-99E0-CFE99DC47838}.Release|x86.ActiveCfg = Release|Win32
		{E653000A-0490-49A7-99E0-CFE99DC47838}.Release|x86.Build.0 = Release|Win32
		{44D3D70A-4748-4457-A9D2-FBFDAC1910BB}.Debug|x64.ActiveCfg = Debug|x64
		{44D3D70A-4748-4457-A9D2-FBFDAC1910BB}.Debug|x64.Build.0 = Debug|x64
		{44D3D70A-4748-4457-A9D2-FBFDAC1910BB}.Debug|x86.ActiveCfg = Debug|Win32
		{44D3D70A-4748-4457-A9D2-FBFDAC1910BB}.Debug|x86.Build.0 = Debug|Win32
		{44D3D70A-4748-4457-A9D2-FBFDAC1910BB}.Release|x64.ActiveCfg = Release|x64
		{44D3D70A-4748-4457-A9D2-FBFDAC1910BB}.Release|x64.Build.0 = Release|x64
		{44D3D70A-4748-4457-A9D2-FBFDAC1910BB}.Release|x86.ActiveCfg = Release|Win32
		{44D3D70A-4748-4457-A9D2-FBFDAC1910BB}.Release|x86.Build.0 = Release|Win32
		{58615C4B-43CE-4C83-B291-2F58928ED3CB}.Debug|x64.ActiveCfg = Debug|x64
		{58615C4B-43CE-4C83-B291-2F58928ED3CB}.Debug|x64.Build.0 = Debug|x64
		{58615C4B-43CE-4C83-B291-2F58928ED3CB}.Debug|x86.ActiveCfg = Debug|Win32
		{58615C4B-43CE-4C83-B291-2F58928ED3CB}.Debug|x86.Build.0 = Debug|Win32
		{58615C4B-43CE-4C83-B291-2F58928ED3CB}.Release|x64.ActiveCfg = Release|x64
		{58615C4B-43CE-4C83-B291-2F58928ED3CB}.Release|x64.Build.0 = Release|x64
		{58615C4B-43CE-4C83-B291-2F58928ED3CB}.Release|x86.ActiveCfg = Release|Win32
		{58615C4B-43CE-4C83-B291-2F58928ED3CB}.Release|x86.Build.0 = Release|Win32
		{F4C48A46-B6DE-4DCF-9E1F-758F70E86C3E}.Debug|x64.ActiveCfg = Debug|x64
		{F4C48A46-B6DE-4DCF-9E1F-758F70E86C3E}.Debug|x64.Build.0 = Debug|x64
		{F4C48A46-B6DE-4DCF-9E1F-758F70E86C3E}.Debug|x86.ActiveCfg = Debug|Win32
		{F4C48A46-B6DE-4DCF-9E1F-758F70E86C3E}.Debug|x86.Build.0 = Debug|Win32
		{F4C48A46-B6DE-4DCF-9E1F-758F70E86C3E}.Release|x64.ActiveCfg = Release|x64
		{F4C48A46-B6DE-4DCF-9E1F-758F70E86C3E}.Release|x64.Build.0 = Release|x64
		{F4C48A46-B6DE-4DCF-9E1F-758F70E86C3E}.Release|x86.ActiveCfg = Release|Win32
		{F4C48A46-B6DE-4DCF-9E1F-758F70E86C3E}.Release|x86.Build.0 = Release|Win32
		{CD8B8186-006E-47D3-8367-45AF11B2913C}.Debug|x64.ActiveCfg = Debug|x64
		{CD8B8186-006E-47D3-8367-45AF11B2913C}.Debug|x64.Build.0 = Debug|x64
		{CD8B8186-006E-47D3-8367-45AF11B2913C}.Debug|x86.ActiveCfg = Debug|Win32
		{CD8B8186-006E-47D3-8367-45AF11B2913C}.Debug|x86.Build.0 = Debug|Win32
		{CD8B8186-006E-47D3-8367-45AF11B2913C}.Release|x64.ActiveCfg = Release|x64
		{CD8B8186-006E-47D3-8367-45AF11B2913C}.Release|x64.Build.0 = Release|x64
		{CD8B8186-006E-47D3-8367-45AF11B2913C}.Release|x86.ActiveCfg = Release|Win32
		{CD8B8186-006E-47D3-8367-45AF11B2913C}.Release|x86.Build.0 = Release|Win32
		{CF7AAC00-DFFE-4DDF-BB5D-4DE55378D299}.Debug|x64.ActiveCfg = Debug|x64
		{CF7AAC00-DFFE-4DDF-BB5D-4DE55378D299}.Debug|x64.Build.0 = Debug|x64
		{CF7AAC00-DFFE-4DDF-BB5D-4DE55378D299}.Debug|x86.ActiveCfg = Debug|Win32
		{CF7AAC00-DFFE-4DDF-BB5D-4DE55378D299}.Debug|x86.Build.0 = Debug|Win32
		{CF7AAC00-DFFE-4DDF-BB5D-4DE55378D299}.Release|x64.ActiveCfg = Release|x64
		{CF7AAC00-DFFE-4DDF-BB5D-4DE55378D299}.Release|x64.Build.0 = Release|x64
		{CF7AAC00-DFFE-4DDF-BB5D-4DE55378D299}.Release|x86.ActiveCfg = Release|Win32
		{CF7AAC00-DFFE-4DDF-BB5D-4DE55378D299}.Release|x86.Build.0 = Release|Win32
		{D0B89CF3-067C-4756-B604-F43135D566C3}.Debug|x64.ActiveCfg = Debug|x64
		{D0B89CF3-067C-4756-B604-F43135D566C3}.Debug|x64.Build.0 = Debug|x64
		{D0B89CF3-067C-4756-B604-F43135D566C3}.Debug|x86.ActiveCfg = Debug|Win32
		{D0B89CF3-067C-4756-B604-F43135D566C3}.Debug|x86.Build.0 = Debug|Win32
		{D0B89CF3-067C-4756-B604-F43135D566C3}.Release|x64.ActiveCfg = Release|x64
		{D0B89CF3-067C-4756-B604-F43135D566C3}.Release|x64.Build.0 = Release|x64
		{D0B89CF3-067C-4756-B604-F43135D566C3}.Release|x86.ActiveCfg = Release|Win32
		{D0B89CF3-067C-4756-B604-F43135D566C3}.Release|x86.Build.0 = Release|Win32
		{DD712884-8A11-4A33-9983-6C43C14A898E}.Debug|x64.ActiveCfg = Debug|x64
		{DD712884-8A11-4A33-9983-6C43C14A898E}.Debug|x64.Build.0 = Debug|x64
		{DD712884-8A11-4A33-9983-6C43C14A898E}.Debug|x86.ActiveCfg = Debug|Win32
		{DD712884-8A11-4A33-9983-6C43C14A898E}.Debug|x86.Build.0 = Debug|Win32
		{DD712884-8A11-4A33-9983-6C43C14A898E}.Release|x64.ActiveCfg = Release|x64
		{DD712884-8A11-4A33-9983-6C43C14A898E}.Release|x64.Build.0 = Release|x64
		{DD712884-8A11-4A33-9983-6C43C14A898E}.Release|x86.ActiveCfg = Release|Win32
		{DD712884-8A11-4A33-9983-6C43C14A898E}.Release|x86.Build.0 = Release|Win32
		{EBC838D2-F1BB-4E9B-8F7B-D02ECF97919E}.Debug|x64.ActiveCfg = Debug|x64
		{EBC838D2-F1BB-4E9B-8F7B-D02ECF97919E}.Debug|x64.Build.0 = Debug|x64
		{EBC838D2-F1BB-4E9B-8F7B-D02ECF97919E}.Debug|x86.ActiveCfg = Debug|Win32
		{EBC838D2-F1BB-4E9B-8F7B-D02ECF97919E}.Debug|x86.Build.0 = Debug|Win32
		{EBC838D2-F1BB-4E9B-8F7B-D02ECF97919E}.Release|x64.ActiveCfg = Release|x64
		{EBC838D2-F1BB-4E9B-8F7B-D02ECF97919E}.Release|x64.Build.0 = Release|x64
		{EBC838D2-F1BB-4E9B-8F7B-D02ECF97919E}.Release|x86.ActiveCfg = Release|Win32
		{EBC838D2-F1BB-4E9B-8F7B-D02ECF97919E}.Release|x86.Build.0 = Release|Win32
		{8096E937-A4AC-4C84-9F7E-736FCDC8BFC2}.Debug|x64.ActiveCfg = Debug|x64
		{8096E937-A4AC-4C84-9F7E-736FCDC8BFC2}.Debug|x64.Build.0 = Debug|x64
		{8096E937-A4AC-4C84-9F7E-736FCDC8BFC2}.Debug|x86.ActiveCfg = Debug|Win32
		{8096E937-A4AC-4C84-9F7E-736FCDC8BFC2}.Debug|x86.Build.0 = Debug|Win32
		{8096E937-A4AC-4C84-9F7E-736FCDC8BFC2}.Release|x64.ActiveCfg = Release|x64
		{8096E937-A4AC-4C84-9F7E-736FCDC8BFC2}.Release|x64.Build.0 = Release|x64
		{8096E937-A4AC-4C84-9F7E-736FCDC8BFC2}.Release|x86.ActiveCfg = Release|Win32
		{8096E937-A4AC-4C84-9F7E-736FCDC8BFC2}.Release|x86.Build.0 = Release|Win32
		{16ACE67E-3E68-49CD-A43C-0D50749C2A4D}.Debug|x64.ActiveCfg = Debug|x64
		{16ACE67E-3E68-49CD-A43C-0D50749C2A4D}.Debug|x64.Build.0 = Debug|x64
		{16ACE67E-3E68-49CD-A43C-0D50749C2A4D}.Debug|x86.ActiveCfg = Debug|Win32
		{16ACE67E-3E68-49CD-A43C-0D50749C2A4D}.Debug|x86.Build.0 = Debug|Win32
		{16ACE67E-3E68-49CD-A43C-0D50749C2A4D}.Release|x64.ActiveCfg = Release|x64
		{16ACE67E-3E68-49CD-A43C-0D50749C2A4D}.Release|x64.Build.0 = Release|x64
		{16ACE67E-3E68-49CD-A43C-0D50749C2A4D}.Release|x86.ActiveCfg = Release|Win32
		{16ACE67E-3E68-49CD-A43C-0D50749C2A4D}.Release|x86.Build.0 = Release|Win32
		{DDCA5E67-8807-44A9-AA52-3C6115C824BC}.Debug|x64.ActiveCfg = Debug|x64
		{DDCA5E67-8807-44A9-AA52-3C6115C824BC}.Debug|x64.Build.0 = Debug|x64
		{DDCA5E67-8807-44A9-AA52-3C6115C824BC}.Debug|x86.ActiveCfg = Debug|Win32
		{DDCA5E67-8807-44A9-AA52-3C6115C824BC}.Debug|x86.Build.0 = Debug|Win32
		{DDCA5E67-8807-44A9-AA52-3C6115C824BC}.Release|x64.ActiveCfg = Release|x64
		{DDCA5E67-8807-44A9-AA52-3C6115C824BC}.Release|x64.Build.0 = Release|x64
		{DDCA5E67-8807-44A9-AA52-3C6115C824BC}.Release|x86.ActiveCfg = Release|Win32
		{DDCA5E67-8807-44A9-AA52-3C6115C824BC}.Release|x86.Build.0 = Release|Win32
		{5759CD57-16E5-4BB6-B7F2-9EA25E76649D}.Debug|x64.ActiveCfg = Debug|x64
		{5759CD57-16E5-4BB6-B7F2-9EA25E76649D}.Debug|x64.Build.0 = Debug|x64
		{5759CD57-16E5-4BB6-B7F2-9EA25E76649D}.Debug|x86.ActiveCfg = Debug|Win32
		{5759CD57-16E5-4BB6-B7F2-9EA25E76649D}.Debug|x86.Build.0 = Debug|Win32
		{5759CD57-16E5-4BB6-B7F2-9EA25E76649D}.Release|x64.ActiveCfg = Release|x64
		{5759CD57-16E5-4BB6-B7F2-9EA25E76649D}.Release|x64.Build.0 = Release|x64
		{5759CD57-16E5-4BB6-B7F2-9EA25E76649D}.Release|x86.ActiveCfg = Release|Win32
		{5759CD57-16E5-4BB6-B7F2-9EA25E76649D}.Release|x86.Build.0 = Release|Win32
		{A981D05B-E1A6-4CBE-9D5F-9ED66D72F64B}.Debug|x64.ActiveCfg = Debug|x64
		{A981D05B-E1A6-4CBE-9D5F-9ED66D72F64B}.Debug|x64.Build.0 = Debug|x64
		{A981D05B-E1A6-4CBE-9D5F-9ED66D72F64B}.Debug|x86.ActiveCfg = Debug|Win32
		{A981D05B-E1A6-4CBE-9D5F-9ED66D72F64B}.Debug|x86.Build.0 = Debug|Win32
		{A981D05B-E1A6-4CBE-9D5F-9ED66D72F64B}.Release|x64.ActiveCfg = Release|x64
		{A981D05B-E1A6-4CBE-9D5F-9ED66D72F64B}.Release|x64.Build.0 = Release|x64
		{A981D05B-E1A6-4CBE-9D5F-9ED66D72F64B}.Release|x86.ActiveCfg = Release|Win32
		{A981D05B-E1A6-4CBE-9D5F-9ED66D72F64B}.Release|x86.Build.0 = Release|Win32
		{89B4555C-387E-4B01-B80B-33E8BEE4A579}.Debug|x64.ActiveCfg = Debug|x64
		{89B4555C-387E-4B01-B80B-33E8BEE4A579}.Debug|x64.Build.0 = Debug|x64
		{89B4555C-387E-4B01-B80B-33E8BEE4A579}.Debug|x86.ActiveCfg = Debug|Win32
		{89B4555C-387E-4B01-B80B-33E8BEE4A579}.Debug|x86.Build.0 = Debug|Win32
		{89B4555C-387E-4B01-B80B-33E8BEE4A579}.Release|x64.ActiveCfg = Release|x64
		{89B4555C-387E-4B01-B80B-33E8BEE4A579}.Release|x64.Build.0 = Release|x64
		{89B4555C-387E-4B01-B80B-33E8BEE4A579}.Release|x86.ActiveCfg = Release|Win32
		{89B4555C-387E-4B01-B80B-33E8BEE4A579}.Release|x86.Build.0 = Release|Win32
		{346B12BE-2A7F-4756-AEED-56A02AA618DE}.Debug|x64.ActiveCfg = Debug|x64
		{346B12BE-2A7F-4756-AEED-56A02AA618DE}.Debug|x64.Build.0 = Debug|x64
		{346B12BE-2A7F-4756-AEED-56A02AA618DE}.Debug|x86.ActiveCfg = Debug|Win32
		{346B12BE-2A7F-4756-AEED-56A02AA618DE}.Debug|x86.Build.0 = Debug|Win32
		{346B12BE-2A7F-4756-AEED-56A02AA618DE}.Release|x64.ActiveCfg = Release|x64
		{346B12BE-2A7F-4756-AEED-56A02AA618DE}.Release|x64.Build.0 = Release|x64
		{346B12BE-2A7F-4756-AEED-56A02AA618DE}.Release|x86.ActiveCfg = Release|Win32
		{346B12BE-2A7F-4756-AEED-56A02AA618DE}.Release|x86.Build.0 = Release|Win32
		{5B528B2B-FBF9-4AA2-B72A-D1B536A75DBD}.Debug|x64.ActiveCfg = Debug|x64
		{5B528B2B-FBF9-4AA2-B72A-D1B536A75DBD}.Debug|x64.Build.0 = Debug|x64
		{5B528B2B-FBF9-4AA2-B72A-D1B536A75DBD}.Debug|x86.ActiveCfg = Debug|Win32
		{5B528B2B-FBF9-4AA2-B72A-D1B536A75DBD}.Debug|x86.Build.0 = Debug|Win32
		{5B528B2B-FBF9-4AA2-B72A-D1B536A75DBD}.Release|x64.ActiveCfg = Release|x64
		{5B528B2B-FBF9-4AA2-B72A-D1B536A75DBD}.Release|x64.Build.0 = Release|x64
		{5B528B2B-FBF9-4AA2-B72A-D1B536A75DBD}.Release|x86.ActiveCfg = Release|Win32
		{5B528B2B-FBF9-4AA2-B72A-D1B536A75DBD}.Release|x86.Build.0 = Release|Win32
		{F6B57620-4CDF-4653-8A2A-D6CEA5115E4F}.Debug|x64.ActiveCfg = Debug|x64
		{F6B57620-4CDF-4653-8A2A-D6CEA5115E4F}.Debug|x64.Build.0 = Debug|x64
		{F6B57620-4CDF-4653-8A2A-D6CEA5115E4F}.Debug|x86.ActiveCfg = Debug|Win32
		{F6B57620-4CDF-4653-8A2A-D6CEA5115E4F}.Debug|x86.Build.0 = Debug|Win32
		{F6B57620-4CDF-4653-8A2A-D6CEA5115E4F}.Release|x64.ActiveCfg = Release|x64
		{F6B57620-4CDF-4653-8A2A-D6CEA5115E4F}.Release|x64.Build.0 = Release|x64
		{F6B57620-4CDF-4653-8A2A-D6CEA5115E4F}.Release|x86.ActiveCfg = Release|Win32
		{F6B57620-4CDF-4653-8A2A-D6CEA5115E4F}.Release|x86.Build.0 = Release|Win32
		{77F790A9-8CBA-4FBA-A7F2-B8DB9BA97268}.Debug|x64.ActiveCfg = Debug|x64
		{77F790A9-8CBA-4FBA-A7F2-B8DB9BA97268}.Debug|x64.Build.0 = Debug|x64
		{77F790A9-8CBA-4FBA-A7F2-B8DB9BA97268}.Debug|x86.ActiveCfg = Debug|Win32
		{77F790A9-8CBA-4FBA-A7F2-B8DB9BA97268}.Debug|x86.Build.0 = Debug|Win32
		{77F790A9-8CBA-4FBA-A7F2-B8DB9BA97268}.Release|x64.ActiveCfg = Release|x64
		{77F790A9-8CBA-4FBA-A7F2-B8DB9BA97268}.Release|x64.Build.0 = Release|x64
		{77F790A9-8CBA-4FBA-A7F2-B8DB9BA97268}.Release|x86.ActiveCfg = Release|Win32
		{77F790A9-8CBA-4FBA-A7F2-B8DB9BA97268}.Release|x86.Build.0 = Release|Win32
		{EA8CC2C1-E8A0-47A9-9E09-26C9687C0914}.Debug|x64.ActiveCfg = Debug|x64
		{EA8CC2C1-E8A0-47A9-9E09-26C9687C0914}.Debug|x64.Build.0 = Debug|x64
		{EA8CC2C1-E8A0-47A9-9E09-26C9687C0914}.Debug|x86.ActiveCfg = Debug|Win32
		{EA8CC2C1-E8A0-47A9-9E09-26C9687C0914}.Debug|x86.Build.0 = Debug|Win32
		{EA8CC2C1-E8A0-47A9-9E09-26C9687C0914}.Release|x64.ActiveCfg = Release|x64
		{EA8CC2C1-E8A0-47A9-9E09-26C9687C0914}.Release|x64.Build.0 = Release|x64
		{EA8CC2C1-E8A0-47A9-9E09-26C9687C0914}.Release|x86.ActiveCfg = Release|Win32
		{EA8CC2C1-E8A0-47A9-9E09-26C9687C0914}.Release|x86.Build.0 = Release|Win32
	EndGlobalSection
	GlobalSection(SolutionProperties) = preSolution
		HideSolutionNode = FALSE
	EndGlobalSection
	GlobalSection(ExtensibilityGlobals) = postSolution
		SolutionGuid = {7B04A074-F5DF-46C2-B426-890AFF49099A}
	EndGlobalSection
EndGlobal
